{
    "_meta": {
        "hash": {
            "sha256": "3f0ac995993d1795230b0028c5f2edd7cde37b2515cd1b829de4408b9df1da53"
        },
        "pipfile-spec": 6,
        "requires": {
            "python_version": "3.7"
        },
        "sources": [
            {
                "name": "pypi",
                "url": "https://pypi.org/simple",
                "verify_ssl": true
            }
        ]
    },
    "default": {
        "alembic": {
            "hashes": [
                "sha256:828dcaa922155a2b7166c4f36ec45268944e4055c86499bd14319b4c8c0094b7"
            ],
            "index": "pypi",
            "version": "==1.0.10"
        },
        "asyncpg": {
            "hashes": [
                "sha256:0677714b26b48d63db728867b812ef365ec3879d2be6fa1c9cf4328503f9a464",
                "sha256:2dee4fb251139f1c1ee4bd9959d516f930f4da37a2f33b07c2b902b837a76666",
                "sha256:378a7ef11ce7b35f11eb816e5252bc1e779119f7583a872233b45a76effac02e",
                "sha256:4539bc2e63600a1ee999086bbb59bf717ab32ea771ac20b5b792a2234633b5fb",
                "sha256:4a779a85302241782bed8ed0f2bcb38544805b3e107b16ee7489c5818d8f4228",
                "sha256:51a3d67a3fa43112b17ec510338723932e1e0611ad99a146acc9960d32210196",
                "sha256:58a5eccaac60fd326e32683226efe1046bfea558fa043360bdd1708e0e812c67",
                "sha256:814343dc2baa489a11521ff9fad68f337a05c9ae0461fdf9f1ec7ac3541c13a9",
                "sha256:84084f7dfed0b2d397a0c2fd7eaf29b01904c74f4320e5fe95ad3042042cf188",
                "sha256:89e727fdba05d90a0156d9d18932fd44a2baa84e90e3368573f432a308ad8fd7",
                "sha256:ab8b9d367e3ef48f35a059642940714a2bda7a7fce8b017b21bfbc4f8fbf8f5f",
                "sha256:c1fe1f0ef848f0f17bf63b90a4c3f446a14e4c899d8531ea988109cc0de014e5",
                "sha256:cc7aa61bf41273ee5d4c11e0e72c0d9340e9c4dbf752464ae2b6816abadaabce",
                "sha256:d5450bdf8631fa1200c08a2e70cab06c2e8c09ef608629908531513444d12858",
                "sha256:fd2d13da29f55c2c71b1acc9d9f107c7a5176fffb3f62ff503f2b300f7ecd74e",
                "sha256:fd35a8082b97d5b97d26bcd1b010fdd65a56311d7a02bf2a7e2c56810b9961a7"
            ],
            "index": "pypi",
            "version": "==0.18.3"
        },
        "click": {
            "hashes": [
                "sha256:d2b5255c7c6349bc1bd1e59e08cd12acbbd63ce649f2588755783aa94dfb6b1a",
                "sha256:dacca89f4bfadd5de3d7489b7c8a566eee0d3676333fbb50030263894c38c0dc"
            ],
            "markers": "python_version >= '2.7' and python_version not in '3.0, 3.1, 3.2, 3.3, 3.4'",
            "version": "==7.1.2"
        },
        "geoalchemy2": {
            "hashes": [
                "sha256:7d66d01af82d22bc37d3ebb1e73713b87ac5e116b3bc82ea4ec0584bbaa89f89",
                "sha256:eed7a62f5a13d1bbfaff708b345da663fb32ef879b662db6254b46f22bb93fe1"
            ],
            "index": "pypi",
            "version": "==0.5.0"
        },
        "greenlet": {
            "hashes": [
                "sha256:0118817c9341ef2b0f75f5af79ac377e4da6ff637e5ee4ac91802c0e379dadb4",
                "sha256:048d2bed76c2aa6de7af500ae0ea51dd2267aec0e0f2a436981159053d0bc7cc",
                "sha256:07c58e169bbe1e87b8bbf15a5c1b779a7616df9fd3e61cadc9d691740015b4f8",
                "sha256:095a980288fe05adf3d002fbb180c99bdcf0f930e220aa66fcd56e7914a38202",
                "sha256:0b181e9aa6cb2f5ec0cacc8cee6e5a3093416c841ba32c185c30c160487f0380",
                "sha256:1626185d938d7381631e48e6f7713e8d4b964be246073e1a1d15c2f061ac9f08",
                "sha256:184416e481295832350a4bf731ba619a92f5689bf5d0fa4341e98b98b1265bd7",
                "sha256:1dd51d2650e70c6c4af37f454737bf4a11e568945b27f74b471e8e2a9fd21268",
                "sha256:1ec2779774d8e42ed0440cf8bc55540175187e8e934f2be25199bf4ed948cd9e",
                "sha256:2cf45e339cabea16c07586306a31cfcc5a3b5e1626d365714d283732afed6809",
                "sha256:2fb0aa7f6996879551fd67461d5d3ab0c3c0245da98be90c89fcb7a18d437403",
                "sha256:44b4817c34c9272c65550b788913620f1fdc80362b209bc9d7dd2f40d8793080",
                "sha256:466ce0928e33421ee84ae04c4ac6f253a3a3e6b8d600a79bd43fd4403e0a7a76",
                "sha256:4f166b4aca8d7d489e82d74627a7069ab34211ef5ebb57c300ec4b9337b60fc0",
                "sha256:510c3b15587afce9800198b4b142202b323bf4b4b5f9d6c79cb9a35e5e3c30d2",
                "sha256:5b756e6730ea59b2745072e28ad27f4c837084688e6a6b3633c8b1e509e6ae0e",
                "sha256:5fbe1ab72b998ca77ceabbae63a9b2e2dc2d963f4299b9b278252ddba142d3f1",
                "sha256:6200a11f003ec26815f7e3d2ded01b43a3810be3528dd760d2f1fa777490c3cd",
                "sha256:65ad1a7a463a2a6f863661329a944a5802c7129f7ad33583dcc11069c17e622c",
                "sha256:694ffa7144fa5cc526c8f4512665003a39fa09ef00d19bbca5c8d3406db72fbe",
                "sha256:6f5d4b2280ceea76c55c893827961ed0a6eadd5a584a7c4e6e6dd7bc10dfdd96",
                "sha256:7532a46505470be30cbf1dbadb20379fb481244f1ca54207d7df3bf0bbab6a20",
                "sha256:76a53bfa10b367ee734b95988bd82a9a5f0038a25030f9f23bbbc005010ca600",
                "sha256:77e41db75f9958f2083e03e9dd39da12247b3430c92267df3af77c83d8ff9eed",
                "sha256:7a43bbfa9b6cfdfaeefbd91038dde65ea2c421dc387ed171613df340650874f2",
                "sha256:7b41d19c0cfe5c259fe6c539fd75051cd39a5d33d05482f885faf43f7f5e7d26",
                "sha256:7c5227963409551ae4a6938beb70d56bf1918c554a287d3da6853526212fbe0a",
                "sha256:870a48007872d12e95a996fca3c03a64290d3ea2e61076aa35d3b253cf34cd32",
                "sha256:88b04e12c9b041a1e0bcb886fec709c488192638a9a7a3677513ac6ba81d8e79",
                "sha256:8c287ae7ac921dfde88b1c125bd9590b7ec3c900c2d3db5197f1286e144e712b",
                "sha256:903fa5716b8fbb21019268b44f73f3748c41d1a30d71b4a49c84b642c2fed5fa",
                "sha256:9537e4baf0db67f382eb29255a03154fcd4984638303ff9baaa738b10371fa57",
                "sha256:9951dcbd37850da32b2cb6e391f621c1ee456191c6ae5528af4a34afe357c30e",
                "sha256:9b2f7d0408ddeb8ea1fd43d3db79a8cefaccadd2a812f021333b338ed6b10aba",
                "sha256:9c88e134d51d5e82315a7c32b914a58751b7353eb5268dbd02eabf020b4c4700",
                "sha256:9fae214f6c43cd47f7bef98c56919b9222481e833be2915f6857a1e9e8a15318",
                "sha256:a3a669f11289a8995d24fbfc0e63f8289dd03c9aaa0cc8f1eab31d18ca61a382",
                "sha256:aa741c1a8a8cc25eb3a3a01a62bdb5095a773d8c6a86470bde7f607a447e7905",
                "sha256:b0877a9a2129a2c56a2eae2da016743db7d9d6a05d5e1c198f1b7808c602a30e",
                "sha256:bcb6c6dd1d6be6d38d6db283747d07fda089ff8c559a835236560a4410340455",
                "sha256:caff52cb5cd7626872d9696aee5b794abe172804beb7db52eed1fd5824b63910",
                "sha256:cbc1eb55342cbac8f7ec159088d54e2cfdd5ddf61c87b8bbe682d113789331b2",
                "sha256:cd16a89efe3a003029c87ff19e9fba635864e064da646bc749fc1908a4af18f3",
                "sha256:ce5b64dfe8d0cca407d88b0ee619d80d4215a2612c1af8c98a92180e7109f4b5",
                "sha256:d58a5a71c4c37354f9e0c24c9c8321f0185f6945ef027460b809f4bb474bfe41",
                "sha256:db41f3845eb579b544c962864cce2c2a0257fe30f0f1e18e51b1e8cbb4e0ac6d",
                "sha256:db5b25265010a1b3dca6a174a443a0ed4c4ab12d5e2883a11c97d6e6d59b12f9",
                "sha256:dd0404d154084a371e6d2bafc787201612a1359c2dee688ae334f9118aa0bf47",
                "sha256:de431765bd5fe62119e0bc6bc6e7b17ac53017ae1782acf88fcf6b7eae475a49",
                "sha256:df02fdec0c533301497acb0bc0f27f479a3a63dcdc3a099ae33a902857f07477",
                "sha256:e8533f5111704d75de3139bf0b8136d3a6c1642c55c067866fa0a51c2155ee33",
                "sha256:f2f908239b7098799b8845e5936c2ccb91d8c2323be02e82f8dcb4a80dcf4a25",
                "sha256:f8bfd36f368efe0ab2a6aa3db7f14598aac454b06849fb633b762ddbede1db90",
                "sha256:ffe73f9e7aea404722058405ff24041e59d31ca23d1da0895af48050a07b6932"
            ],
            "markers": "python_version >= '3' and platform_machine == 'aarch64' or (platform_machine == 'ppc64le' or (platform_machine == 'x86_64' or (platform_machine == 'amd64' or (platform_machine == 'AMD64' or (platform_machine == 'win32' or platform_machine == 'WIN32')))))",
            "version": "==1.1.3"
        },
        "h11": {
            "hashes": [
                "sha256:acca6a44cb52a32ab442b1779adf0875c443c689e9e028f8d831a3769f9c5208",
                "sha256:f2b1ca39bfed357d1f19ac732913d5f9faa54a5062eca7d2ec3a916cfb7ae4c7"
            ],
            "version": "==0.8.1"
        },
        "httptools": {
            "hashes": [
                "sha256:e00cbd7ba01ff748e494248183abc6e153f49181169d8a3d41bb49132ca01dfc"
            ],
            "markers": "sys_platform != 'win32' and sys_platform != 'cygwin' and platform_python_implementation != 'pypy'",
            "version": "==0.0.13"
        },
        "importlib-metadata": {
            "hashes": [
                "sha256:637245b8bab2b6502fcbc752cc4b7a6f6243bb02b31c5c26156ad103d3d45670",
                "sha256:7401a975809ea1fdc658c3aa4f78cc2195a0e019c5cbc4c06122884e9ae80c23"
            ],
            "markers": "python_version < '3.8'",
            "version": "==4.12.0"
        },
        "mako": {
            "hashes": [
                "sha256:3724869b363ba630a272a5f89f68c070352137b8fd1757650017b7e06fda163f",
                "sha256:8efcb8004681b5f71d09c983ad5a9e6f5c40601a6ec469148753292abc0da534"
            ],
            "index": "pypi",
            "version": "==1.2.2"
        },
        "markupsafe": {
            "hashes": [
                "sha256:0212a68688482dc52b2d45013df70d169f542b7394fc744c02a57374a4207003",
                "sha256:089cf3dbf0cd6c100f02945abeb18484bd1ee57a079aefd52cffd17fba910b88",
                "sha256:10c1bfff05d95783da83491be968e8fe789263689c02724e0c691933c52994f5",
                "sha256:33b74d289bd2f5e527beadcaa3f401e0df0a89927c1559c8566c066fa4248ab7",
                "sha256:3799351e2336dc91ea70b034983ee71cf2f9533cdff7c14c90ea126bfd95d65a",
                "sha256:3ce11ee3f23f79dbd06fb3d63e2f6af7b12db1d46932fe7bd8afa259a5996603",
                "sha256:421be9fbf0ffe9ffd7a378aafebbf6f4602d564d34be190fc19a193232fd12b1",
                "sha256:43093fb83d8343aac0b1baa75516da6092f58f41200907ef92448ecab8825135",
                "sha256:46d00d6cfecdde84d40e572d63735ef81423ad31184100411e6e3388d405e247",
                "sha256:4a33dea2b688b3190ee12bd7cfa29d39c9ed176bda40bfa11099a3ce5d3a7ac6",
                "sha256:4b9fe39a2ccc108a4accc2676e77da025ce383c108593d65cc909add5c3bd601",
                "sha256:56442863ed2b06d19c37f94d999035e15ee982988920e12a5b4ba29b62ad1f77",
                "sha256:671cd1187ed5e62818414afe79ed29da836dde67166a9fac6d435873c44fdd02",
                "sha256:694deca8d702d5db21ec83983ce0bb4b26a578e71fbdbd4fdcd387daa90e4d5e",
                "sha256:6a074d34ee7a5ce3effbc526b7083ec9731bb3cbf921bbe1d3005d4d2bdb3a63",
                "sha256:6d0072fea50feec76a4c418096652f2c3238eaa014b2f94aeb1d56a66b41403f",
                "sha256:6fbf47b5d3728c6aea2abb0589b5d30459e369baa772e0f37a0320185e87c980",
                "sha256:7f91197cc9e48f989d12e4e6fbc46495c446636dfc81b9ccf50bb0ec74b91d4b",
                "sha256:86b1f75c4e7c2ac2ccdaec2b9022845dbb81880ca318bb7a0a01fbf7813e3812",
                "sha256:8dc1c72a69aa7e082593c4a203dcf94ddb74bb5c8a731e4e1eb68d031e8498ff",
                "sha256:8e3dcf21f367459434c18e71b2a9532d96547aef8a871872a5bd69a715c15f96",
                "sha256:8e576a51ad59e4bfaac456023a78f6b5e6e7651dcd383bcc3e18d06f9b55d6d1",
                "sha256:96e37a3dc86e80bf81758c152fe66dbf60ed5eca3d26305edf01892257049925",
                "sha256:97a68e6ada378df82bc9f16b800ab77cbf4b2fada0081794318520138c088e4a",
                "sha256:99a2a507ed3ac881b975a2976d59f38c19386d128e7a9a18b7df6fff1fd4c1d6",
                "sha256:a49907dd8420c5685cfa064a1335b6754b74541bbb3706c259c02ed65b644b3e",
                "sha256:b09bf97215625a311f669476f44b8b318b075847b49316d3e28c08e41a7a573f",
                "sha256:b7bd98b796e2b6553da7225aeb61f447f80a1ca64f41d83612e6139ca5213aa4",
                "sha256:b87db4360013327109564f0e591bd2a3b318547bcef31b468a92ee504d07ae4f",
                "sha256:bcb3ed405ed3222f9904899563d6fc492ff75cce56cba05e32eff40e6acbeaa3",
                "sha256:d4306c36ca495956b6d568d276ac11fdd9c30a36f1b6eb928070dc5360b22e1c",
                "sha256:d5ee4f386140395a2c818d149221149c54849dfcfcb9f1debfe07a8b8bd63f9a",
                "sha256:dda30ba7e87fbbb7eab1ec9f58678558fd9a6b8b853530e176eabd064da81417",
                "sha256:e04e26803c9c3851c931eac40c695602c6295b8d432cbe78609649ad9bd2da8a",
                "sha256:e1c0b87e09fa55a220f058d1d49d3fb8df88fbfab58558f1198e08c1e1de842a",
                "sha256:e72591e9ecd94d7feb70c1cbd7be7b3ebea3f548870aa91e2732960fa4d57a37",
                "sha256:e8c843bbcda3a2f1e3c2ab25913c80a3c5376cd00c6e8c4a86a89a28c8dc5452",
                "sha256:efc1913fd2ca4f334418481c7e595c00aad186563bbc1ec76067848c7ca0a933",
                "sha256:f121a1420d4e173a5d96e47e9a0c0dcff965afdf1626d28de1460815f7c4ee7a",
                "sha256:fc7b548b17d238737688817ab67deebb30e8073c95749d55538ed473130ec0c7"
            ],
            "markers": "python_version >= '3.7'",
            "version": "==2.1.1"
        },
        "psycopg2": {
            "hashes": [
                "sha256:02445ebbb3a11a3fe8202c413d5e6faf38bb75b4e336203ee144ca2c46529f94",
                "sha256:0e9873e60f98f0c52339abf8f0339d1e22bfe5aae0bcf7aabd40c055175035ec",
                "sha256:1148a5eb29073280bf9057c7fc45468592c1bb75a28f6df1591adb93c8cb63d0",
                "sha256:259a8324e109d4922b0fcd046e223e289830e2568d6f4132a3702439e5fd532b",
                "sha256:28dffa9ed4595429e61bacac41d3f9671bb613d1442ff43bcbec63d4f73ed5e8",
                "sha256:314a74302d4737a3865d40ea50e430ce1543c921ba10f39d562e807cfe2edf2a",
                "sha256:36b60201b6d215d7658a71493fdf6bd5e60ad9a0cffed39906627ff9f4f3afd3",
                "sha256:3f9d532bce54c4234161176ff3b8688ff337575ca441ea27597e112dfcd0ee0c",
                "sha256:5d222983847b40af989ad96c07fc3f07e47925e463baa5de716be8f805b41d9b",
                "sha256:6757a6d2fc58f7d8f5d471ad180a0bd7b4dd3c7d681f051504fbea7ae29c8d6f",
                "sha256:6a0e0f1e74edb0ab57d89680e59e7bfefad2bfbdf7c80eb38304d897d43674bb",
                "sha256:6ca703ccdf734e886a1cf53eb702261110f6a8b0ed74bcad15f1399f74d3f189",
                "sha256:8513b953d8f443c446aa79a4cc8a898bd415fc5e29349054f03a7d696d495542",
                "sha256:9262a5ce2038570cb81b4d6413720484cb1bc52c064b2f36228d735b1f98b794",
                "sha256:97441f851d862a0c844d981cbee7ee62566c322ebb3d68f86d66aa99d483985b",
                "sha256:a07feade155eb8e69b54dd6774cf6acf2d936660c61d8123b8b6b1f9247b67d6",
                "sha256:a9b9c02c91b1e3ec1f1886b2d0a90a0ea07cc529cb7e6e472b556bc20ce658f3",
                "sha256:ae88216f94728d691b945983140bf40d51a1ff6c7fe57def93949bf9339ed54a",
                "sha256:b360ffd17659491f1a6ad7c928350e229c7b7bd83a2b922b6ee541245c7a776f",
                "sha256:b4221957ceccf14b2abdabef42d806e791350be10e21b260d7c9ce49012cc19e",
                "sha256:b90758e49d5e6b152a460d10b92f8a6ccf318fcc0ee814dcf53f3a6fc5328789",
                "sha256:c669ea986190ed05fb289d0c100cc88064351f2b85177cbfd3564c4f4847d18c",
                "sha256:d1b61999d15c79cf7f4f7cc9021477aef35277fc52452cf50fd13b713c84424d",
                "sha256:de7bb043d1adaaf46e38d47e7a5f703bb3dab01376111e522b07d25e1a79c1e1",
                "sha256:e393568e288d884b94d263f2669215197840d097c7e5b0acd1a51c1ea7d1aba8",
                "sha256:ed7e0849337bd37d89f2c2b0216a0de863399ee5d363d31b1e5330a99044737b",
                "sha256:f153f71c3164665d269a5d03c7fa76ba675c7a8de9dc09a4e2c2cdc9936a7b41",
                "sha256:f1fb5a8427af099beb7f65093cbdb52e021b8e6dbdfaf020402a623f4181baf5",
                "sha256:f36b333e9f86a2fba960c72b90c34be6ca71819e300f7b1fc3d2b0f0b2c546cd",
                "sha256:f4526d078aedd5187d0508aa5f9a01eae6a48a470ed678406da94b4cd6524b7e"
            ],
            "index": "pypi",
            "version": "==2.7.7"
        },
        "python-dateutil": {
            "hashes": [
                "sha256:7e6584c74aeed623791615e26efd690f29817a27c73085b78e4bad02493df2fb",
                "sha256:c89805f6f4d64db21ed966fda138f8a5ed7a4fdbc1a8ee329ce1b74e3c74da9e"
            ],
            "index": "pypi",
            "version": "==2.8.0"
        },
        "python-editor": {
            "hashes": [
                "sha256:1bf6e860a8ad52a14c3ee1252d5dc25b2030618ed80c022598f00176adc8367d",
                "sha256:51fda6bcc5ddbbb7063b2af7509e43bd84bfc32a4ff71349ec7847713882327b",
                "sha256:5f98b069316ea1c2ed3f67e7f5df6c0d8f10b689964a4a811ff64f0106819ec8",
                "sha256:c3da2053dbab6b29c94e43c486ff67206eafbe7eb52dbec7390b5e2fb05aac77",
                "sha256:ea87e17f6ec459e780e4221f295411462e0d0810858e055fc514684350a2f522"
            ],
            "version": "==1.0.4"
        },
        "six": {
            "hashes": [
                "sha256:1e61c37477a1626458e36f7b1d82aa5c9b094fa4802892072e49de9c60c4c926",
                "sha256:8abb2f1d86890a2dfb989f9a77cfcfd3e47c2a354b01111771326f8aa26e0254"
            ],
            "markers": "python_version >= '2.7' and python_version not in '3.0, 3.1, 3.2, 3.3'",
            "version": "==1.16.0"
        },
        "sqlalchemy": {
            "hashes": [
                "sha256:0002e829142b2af00b4eaa26c51728f3ea68235f232a2e72a9508a3116bd6ed0",
                "sha256:0005bd73026cd239fc1e8ccdf54db58b6193be9a02b3f0c5983808f84862c767",
                "sha256:0292f70d1797e3c54e862e6f30ae474014648bc9c723e14a2fda730adb0a9791",
                "sha256:036d8472356e1d5f096c5e0e1a7e0f9182140ada3602f8fff6b7329e9e7cfbcd",
                "sha256:05f0de3a1dc3810a776275763764bb0015a02ae0f698a794646ebc5fb06fad33",
                "sha256:0990932f7cca97fece8017414f57fdd80db506a045869d7ddf2dda1d7cf69ecc",
                "sha256:13e397a9371ecd25573a7b90bd037db604331cf403f5318038c46ee44908c44d",
                "sha256:14576238a5f89bcf504c5f0a388d0ca78df61fb42cb2af0efe239dc965d4f5c9",
                "sha256:199a73c31ac8ea59937cc0bf3dfc04392e81afe2ec8a74f26f489d268867846c",
                "sha256:2082a2d2fca363a3ce21cfa3d068c5a1ce4bf720cf6497fb3a9fc643a8ee4ddd",
                "sha256:22ff16cedab5b16a0db79f1bc99e46a6ddececb60c396562e50aab58ddb2871c",
                "sha256:2307495d9e0ea00d0c726be97a5b96615035854972cc538f6e7eaed23a35886c",
                "sha256:2ad2b727fc41c7f8757098903f85fafb4bf587ca6605f82d9bf5604bd9c7cded",
                "sha256:2d6495f84c4fd11584f34e62f9feec81bf373787b3942270487074e35cbe5330",
                "sha256:361f6b5e3f659e3c56ea3518cf85fbdae1b9e788ade0219a67eeaaea8a4e4d2a",
                "sha256:3e2ef592ac3693c65210f8b53d0edcf9f4405925adcfc031ff495e8d18169682",
                "sha256:4676d51c9f6f6226ae8f26dc83ec291c088fe7633269757d333978df78d931ab",
                "sha256:4ba7e122510bbc07258dc42be6ed45997efdf38129bde3e3f12649be70683546",
                "sha256:5102fb9ee2c258a2218281adcb3e1918b793c51d6c2b4666ce38c35101bb940e",
                "sha256:5323252be2bd261e0aa3f33cb3a64c45d76829989fa3ce90652838397d84197d",
                "sha256:58bb65b3274b0c8a02cea9f91d6f44d0da79abc993b33bdedbfec98c8440175a",
                "sha256:59bdc291165b6119fc6cdbc287c36f7f2859e6051dd923bdf47b4c55fd2f8bd0",
                "sha256:5facb7fd6fa8a7353bbe88b95695e555338fb038ad19ceb29c82d94f62775a05",
                "sha256:639e1ae8d48b3c86ffe59c0daa9a02e2bfe17ca3d2b41611b30a0073937d4497",
                "sha256:8eb8897367a21b578b26f5713833836f886817ee2ffba1177d446fa3f77e67c8",
                "sha256:90484a2b00baedad361402c257895b13faa3f01780f18f4a104a2f5c413e4536",
                "sha256:9c56e19780cd1344fcd362fd6265a15f48aa8d365996a37fab1495cae8fcd97d",
                "sha256:b67fc780cfe2b306180e56daaa411dd3186bf979d50a6a7c2a5b5036575cbdbb",
                "sha256:c0dcf127bb99458a9d211e6e1f0f3edb96c874dd12f2503d4d8e4f1fd103790b",
                "sha256:c23d64a0b28fc78c96289ffbd0d9d1abd48d267269b27f2d34e430ea73ce4b26",
                "sha256:ccfd238f766a5bb5ee5545a62dd03f316ac67966a6a658efb63eeff8158a4bbf",
                "sha256:cd767cf5d7252b1c88fcfb58426a32d7bd14a7e4942497e15b68ff5d822b41ad",
                "sha256:ce8feaa52c1640de9541eeaaa8b5fb632d9d66249c947bb0d89dd01f87c7c288",
                "sha256:d2e054aed4645f9b755db85bc69fc4ed2c9020c19c8027976f66576b906a74f1",
                "sha256:e16c2be5cb19e2c08da7bd3a87fed2a0d4e90065ee553a940c4fc1a0fb1ab72b",
                "sha256:e4b12e3d88a8fffd0b4ca559f6d4957ed91bd4c0613a4e13846ab8729dc5c251",
                "sha256:e570cfc40a29d6ad46c9aeaddbdcee687880940a3a327f2c668dd0e4ef0a441d",
                "sha256:eb30cf008850c0a26b72bd1b9be6730830165ce049d239cfdccd906f2685f892",
                "sha256:f37fa70d95658763254941ddd30ecb23fc4ec0c5a788a7c21034fc2305dab7cc",
                "sha256:f5ebeeec5c14533221eb30bad716bc1fd32f509196318fb9caa7002c4a364e4c",
                "sha256:f5fa526d027d804b1f85cdda1eb091f70bde6fb7d87892f6dd5a48925bc88898"
            ],
            "markers": "python_version >= '2.7' and python_version not in '3.0, 3.1, 3.2, 3.3, 3.4, 3.5'",
            "version": "==1.4.41"
        },
        "starlette": {
            "hashes": [
                "sha256:7f2307d705b2d9ed584d98468616dee7625d4bc402ce841cc6fa3a863e162e8b"
            ],
            "index": "pypi",
            "version": "==0.11.4"
        },
        "typing-extensions": {
            "hashes": [
                "sha256:25642c956049920a5aa49edcdd6ab1e06d7e5d467fc00e0506c44ac86fbfca02",
                "sha256:e6d2677a32f47fc7eb2795db1dd15c1f34eff616bcaf2cfb5e997f854fa1c4a6"
            ],
            "markers": "python_version < '3.8'",
            "version": "==4.3.0"
        },
        "uvicorn": {
            "hashes": [
                "sha256:c10da7a54a6552279870900c881a2f1726314e2dd6270d4d3f9251683c643783"
            ],
            "index": "pypi",
            "version": "==0.7.1"
        },
        "uvloop": {
            "hashes": [
                "sha256:0fcd894f6fc3226a962ee7ad895c4f52e3f5c3c55098e21efb17c071849a0573",
                "sha256:2f31de1742c059c96cb76b91c5275b22b22b965c886ee1fced093fa27dde9e64",
                "sha256:459e4649fcd5ff719523de33964aa284898e55df62761e7773d088823ccbd3e0",
                "sha256:67867aafd6e0bc2c30a079603a85d83b94f23c5593b3cc08ec7e58ac18bf48e5",
                "sha256:8c200457e6847f28d8bb91c5e5039d301716f5f2fce25646f5fb3fd65eda4a26",
                "sha256:958906b9ca39eb158414fbb7d6b8ef1b7aee4db5c8e8e5d00fcbb69a1ce9dca7",
                "sha256:ac1dca3d8f3ef52806059e81042ee397ac939e5a86c8a3cea55d6b087db66115",
                "sha256:b284c22d8938866318e3b9d178142b8be316c52d16fcfe1560685a686718a021",
                "sha256:c48692bf4587ce281d641087658eca275a5ad3b63c78297bbded96570ae9ce8f",
                "sha256:fefc3b2b947c99737c348887db2c32e539160dcbeb7af9aa6b53db7a283538fe"
            ],
            "markers": "sys_platform != 'win32' and sys_platform != 'cygwin' and platform_python_implementation != 'pypy'",
            "version": "==0.12.2"
        },
        "websockets": {
            "hashes": [
                "sha256:04b42a1b57096ffa5627d6a78ea1ff7fad3bc2c0331ffc17bc32a4024da7fea0",
                "sha256:08e3c3e0535befa4f0c4443824496c03ecc25062debbcf895874f8a0b4c97c9f",
                "sha256:10d89d4326045bf5e15e83e9867c85d686b612822e4d8f149cf4840aab5f46e0",
                "sha256:232fac8a1978fc1dead4b1c2fa27c7756750fb393eb4ac52f6bc87ba7242b2fa",
                "sha256:4bf4c8097440eff22bc78ec76fe2a865a6e658b6977a504679aaf08f02c121da",
                "sha256:51642ea3a00772d1e48fb0c492f0d3ae3b6474f34d20eca005a83f8c9c06c561",
                "sha256:55d86102282a636e195dad68aaaf85b81d0bef449d7e2ef2ff79ac450bb25d53",
                "sha256:564d2675682bd497b59907d2205031acbf7d3fadf8c763b689b9ede20300b215",
                "sha256:5d13bf5197a92149dc0badcc2b699267ff65a867029f465accfca8abab95f412",
                "sha256:5eda665f6789edb9b57b57a159b9c55482cbe5b046d7db458948370554b16439",
                "sha256:5edb2524d4032be4564c65dc4f9d01e79fe8fad5f966e5b552f4e5164fef0885",
                "sha256:79691794288bc51e2a3b8de2bc0272ca8355d0b8503077ea57c0716e840ebaef",
                "sha256:7fcc8681e9981b9b511cdee7c580d5b005f3bb86b65bde2188e04a29f1d63317",
                "sha256:8e447e05ec88b1b408a4c9cde85aa6f4b04f06aa874b9f0b8e8319faf51b1fee",
                "sha256:90ea6b3e7787620bb295a4ae050d2811c807d65b1486749414f78cfd6fb61489",
                "sha256:9e13239952694b8b831088431d15f771beace10edfcf9ef230cefea14f18508f",
                "sha256:d40f081187f7b54d7a99d8a5c782eaa4edc335a057aa54c85059272ed826dc09",
                "sha256:e1df1a58ed2468c7b7ce9a2f9752a32ad08eac2bcd56318625c3647c2cd2da6f",
                "sha256:e98d0cec437097f09c7834a11c69d79fe6241729b23f656cfc227e93294fc242",
                "sha256:f8d59627702d2ff27cb495ca1abdea8bd8d581de425c56e93bff6517134e0a9b",
                "sha256:fc30cdf2e949a2225b012a7911d1d031df3d23e99b7eda7dfc982dc4a860dae9"
            ],
            "markers": "python_version >= '3.4'",
            "version": "==7.0"
        },
        "zipp": {
            "hashes": [
                "sha256:05b45f1ee8f807d0cc928485ca40a07cb491cf092ff587c0df9cb1fd154848d2",
                "sha256:47c40d7fe183a6f21403a199b3e4192cca5774656965b0a4988ad2f8feb5f009"
            ],
            "markers": "python_version >= '3.7'",
            "version": "==3.8.1"
        }
    },
    "develop": {
        "autopep8": {
            "hashes": [
                "sha256:4d8eec30cc81bc5617dbf1218201d770dc35629363547f17577c61683ccfb3ee"
            ],
            "index": "pypi",
            "version": "==1.4.4"
        },
        "entrypoints": {
            "hashes": [
                "sha256:589f874b313739ad35be6e0cd7efde2a4e9b6fea91edcc34e58ecbb8dbe56d19",
                "sha256:c70dd71abe5a8c85e55e12c19bd91ccfeec11a6e99044204511f9ed547d48451"
            ],
            "markers": "python_version >= '2.7'",
            "version": "==0.3"
        },
        "flake8": {
            "hashes": [
                "sha256:859996073f341f2670741b51ec1e67a01da142831aa1fdc6242dbf88dffbe661",
                "sha256:a796a115208f5c03b18f332f7c11729812c8c3ded6c46319c59b53efd3819da8"
            ],
            "index": "pypi",
            "version": "==3.7.7"
        },
        "mccabe": {
            "hashes": [
                "sha256:ab8a6258860da4b6677da4bd2fe5dc2c659cff31b3ee4f7f5d64e79735b80d42",
                "sha256:dd8d182285a0fe56bace7f45b5e7d1a6ebcbf524e8f3bd87eb0f125271b8831f"
            ],
            "version": "==0.6.1"
        },
        "pycodestyle": {
            "hashes": [
                "sha256:95a2219d12372f05704562a14ec30bc76b05a5b297b21a5dfe3f6fac3491ae56",
                "sha256:e40a936c9a450ad81df37f549d676d127b1b66000a6c500caa2b085bc0ca976c"
            ],
            "markers": "python_version >= '2.7' and python_version not in '3.0, 3.1, 3.2, 3.3'",
            "version": "==2.5.0"
        },
        "pyflakes": {
            "hashes": [
                "sha256:17dbeb2e3f4d772725c777fabc446d5634d1038f234e77343108ce445ea69ce0",
                "sha256:d976835886f8c5b31d47970ed689944a0262b5f3afa00a5a7b4dc81e5449f8a2"
            ],
            "markers": "python_version >= '2.7' and python_version not in '3.0, 3.1, 3.2, 3.3'",
            "version": "==2.1.1"
        },
        "rope": {
            "hashes": [
                "sha256:6b728fdc3e98a83446c27a91fc5d56808a004f8beab7a31ab1d7224cecc7d969",
                "sha256:c5c5a6a87f7b1a2095fb311135e2a3d1f194f5ecb96900fdd0a9100881f48aaf",
                "sha256:f0dcf719b63200d492b85535ebe5ea9b29e0d0b8aebeb87fe03fc1a65924fdaf"
            ],
            "index": "pypi",
            "version": "==0.14.0"
        }
    }
}
